
Microsoft Visual Studio Solution File, Format Version 12.00
Project("{FAE04EC0-301F-11D3-BF4B-00C04F79EFBC}") = "Visualizer.API", "Visualizer.API\Visualizer.API.csproj", "{E19906A7-1EDF-4407-B629-85392E6FBB0F}"
EndProject
Project("{FAE04EC0-301F-11D3-BF4B-00C04F79EFBC}") = "Visualizer.API.Model", "Visualizer.API.Model\Visualizer.API.Model.csproj", "{9FBD4384-5653-408B-87B4-8248E7AEC351}"
EndProject
Project("{FAE04EC0-301F-11D3-BF4B-00C04F79EFBC}") = "Visualizer.API.Services", "Visualizer.API.Services\Visualizer.API.Services.csproj", "{1C1DFCA6-3B6E-4713-98C2-67DB9854B9C4}"
EndProject
Project("{2150E333-8FDC-42A3-9474-1A3956D46DE8}") = "API", "API", "{012BCBB6-75ED-45F3-AA10-EB0D35F8E887}"
EndProject
Project("{2150E333-8FDC-42A3-9474-1A3956D46DE8}") = "Ingestion", "Ingestion", "{8726B23A-06E2-40FA-A690-1132F9BD5619}"
EndProject
Project("{FAE04EC0-301F-11D3-BF4B-00C04F79EFBC}") = "Visualizer.Ingestion", "Visualizer.Ingestion\Visualizer.Ingestion.csproj", "{4FA88047-CF0B-43E1-BE90-8184F3B4A465}"
EndProject
Project("{2150E333-8FDC-42A3-9474-1A3956D46DE8}") = "Shared", "Shared", "{6AF515EB-440D-4BDF-BBC8-0E7AB52E49ED}"
EndProject
Project("{FAE04EC0-301F-11D3-BF4B-00C04F79EFBC}") = "Visualizer.Shared.Models", "Visualizer.Shared.Models\Visualizer.Shared.Models.csproj", "{25C30B7A-C35D-46E2-9535-1E37EAF2F674}"
EndProject
Project("{FAE04EC0-301F-11D3-BF4B-00C04F79EFBC}") = "Visualizer.Ingestion.Services", "Visualizer.Ingestion.Services\Visualizer.Ingestion.Services.csproj", "{EA9338B2-9BFC-45BF-8534-56820359D7A6}"
EndProject
Project("{FAE04EC0-301F-11D3-BF4B-00C04F79EFBC}") = "Visualizer.Shared.Constants", "Visualizer.Shared.Constants\Visualizer.Shared.Constants.csproj", "{23860597-4726-4B96-8F18-0BB645783E6A}"
EndProject
Project("{FAE04EC0-301F-11D3-BF4B-00C04F79EFBC}") = "Visualizer.API.Clients", "Visualizer.API.Clients\Visualizer.API.Clients.csproj", "{D72817DC-2EAA-446E-96F1-0D249995DEEB}"
EndProject
Project("{2150E333-8FDC-42A3-9474-1A3956D46DE8}") = "SolutionItems", "SolutionItems", "{A341E6A7-9D70-41C6-B3BF-6E38DED05EAB}"
	ProjectSection(SolutionItems) = preProject
		.editorconfig = .editorconfig
		.gitignore = .gitignore
		.dockerignore = .dockerignore
		API.Dockerfile = API.Dockerfile
		Ingestion.Dockerfile = Ingestion.Dockerfile
		global.json = global.json
	EndProjectSection
EndProject
Project("{FAE04EC0-301F-11D3-BF4B-00C04F79EFBC}") = "Visualizer.API.Tests", "Visualizer.API.Tests\Visualizer.API.Tests.csproj", "{3B2E7EF1-4170-4E03-9F63-BCBFE455A17E}"
EndProject
Global
	GlobalSection(SolutionConfigurationPlatforms) = preSolution
		Debug|Any CPU = Debug|Any CPU
		Release|Any CPU = Release|Any CPU
	EndGlobalSection
	GlobalSection(ProjectConfigurationPlatforms) = postSolution
		{E19906A7-1EDF-4407-B629-85392E6FBB0F}.Debug|Any CPU.ActiveCfg = Debug|Any CPU
		{E19906A7-1EDF-4407-B629-85392E6FBB0F}.Debug|Any CPU.Build.0 = Debug|Any CPU
		{E19906A7-1EDF-4407-B629-85392E6FBB0F}.Release|Any CPU.ActiveCfg = Release|Any CPU
		{E19906A7-1EDF-4407-B629-85392E6FBB0F}.Release|Any CPU.Build.0 = Release|Any CPU
		{9FBD4384-5653-408B-87B4-8248E7AEC351}.Debug|Any CPU.ActiveCfg = Debug|Any CPU
		{9FBD4384-5653-408B-87B4-8248E7AEC351}.Debug|Any CPU.Build.0 = Debug|Any CPU
		{9FBD4384-5653-408B-87B4-8248E7AEC351}.Release|Any CPU.ActiveCfg = Release|Any CPU
		{9FBD4384-5653-408B-87B4-8248E7AEC351}.Release|Any CPU.Build.0 = Release|Any CPU
		{1C1DFCA6-3B6E-4713-98C2-67DB9854B9C4}.Debug|Any CPU.ActiveCfg = Debug|Any CPU
		{1C1DFCA6-3B6E-4713-98C2-67DB9854B9C4}.Debug|Any CPU.Build.0 = Debug|Any CPU
		{1C1DFCA6-3B6E-4713-98C2-67DB9854B9C4}.Release|Any CPU.ActiveCfg = Release|Any CPU
		{1C1DFCA6-3B6E-4713-98C2-67DB9854B9C4}.Release|Any CPU.Build.0 = Release|Any CPU
		{4FA88047-CF0B-43E1-BE90-8184F3B4A465}.Debug|Any CPU.ActiveCfg = Debug|Any CPU
		{4FA88047-CF0B-43E1-BE90-8184F3B4A465}.Debug|Any CPU.Build.0 = Debug|Any CPU
		{4FA88047-CF0B-43E1-BE90-8184F3B4A465}.Release|Any CPU.ActiveCfg = Release|Any CPU
		{4FA88047-CF0B-43E1-BE90-8184F3B4A465}.Release|Any CPU.Build.0 = Release|Any CPU
		{25C30B7A-C35D-46E2-9535-1E37EAF2F674}.Debug|Any CPU.ActiveCfg = Debug|Any CPU
		{25C30B7A-C35D-46E2-9535-1E37EAF2F674}.Debug|Any CPU.Build.0 = Debug|Any CPU
		{25C30B7A-C35D-46E2-9535-1E37EAF2F674}.Release|Any CPU.ActiveCfg = Release|Any CPU
		{25C30B7A-C35D-46E2-9535-1E37EAF2F674}.Release|Any CPU.Build.0 = Release|Any CPU
		{EA9338B2-9BFC-45BF-8534-56820359D7A6}.Debug|Any CPU.ActiveCfg = Debug|Any CPU
		{EA9338B2-9BFC-45BF-8534-56820359D7A6}.Debug|Any CPU.Build.0 = Debug|Any CPU
		{EA9338B2-9BFC-45BF-8534-56820359D7A6}.Release|Any CPU.ActiveCfg = Release|Any CPU
		{EA9338B2-9BFC-45BF-8534-56820359D7A6}.Release|Any CPU.Build.0 = Release|Any CPU
		{23860597-4726-4B96-8F18-0BB645783E6A}.Debug|Any CPU.ActiveCfg = Debug|Any CPU
		{23860597-4726-4B96-8F18-0BB645783E6A}.Debug|Any CPU.Build.0 = Debug|Any CPU
		{23860597-4726-4B96-8F18-0BB645783E6A}.Release|Any CPU.ActiveCfg = Release|Any CPU
		{23860597-4726-4B96-8F18-0BB645783E6A}.Release|Any CPU.Build.0 = Release|Any CPU
		{D72817DC-2EAA-446E-96F1-0D249995DEEB}.Debug|Any CPU.ActiveCfg = Debug|Any CPU
		{D72817DC-2EAA-446E-96F1-0D249995DEEB}.Debug|Any CPU.Build.0 = Debug|Any CPU
		{D72817DC-2EAA-446E-96F1-0D249995DEEB}.Release|Any CPU.ActiveCfg = Release|Any CPU
		{D72817DC-2EAA-446E-96F1-0D249995DEEB}.Release|Any CPU.Build.0 = Release|Any CPU
		{3B2E7EF1-4170-4E03-9F63-BCBFE455A17E}.Debug|Any CPU.ActiveCfg = Debug|Any CPU
		{3B2E7EF1-4170-4E03-9F63-BCBFE455A17E}.Debug|Any CPU.Build.0 = Debug|Any CPU
		{3B2E7EF1-4170-4E03-9F63-BCBFE455A17E}.Release|Any CPU.ActiveCfg = Release|Any CPU
		{3B2E7EF1-4170-4E03-9F63-BCBFE455A17E}.Release|Any CPU.Build.0 = Release|Any CPU
	EndGlobalSection
	GlobalSection(NestedProjects) = preSolution
		{1C1DFCA6-3B6E-4713-98C2-67DB9854B9C4} = {012BCBB6-75ED-45F3-AA10-EB0D35F8E887}
		{9FBD4384-5653-408B-87B4-8248E7AEC351} = {012BCBB6-75ED-45F3-AA10-EB0D35F8E887}
		{E19906A7-1EDF-4407-B629-85392E6FBB0F} = {012BCBB6-75ED-45F3-AA10-EB0D35F8E887}
		{4FA88047-CF0B-43E1-BE90-8184F3B4A465} = {8726B23A-06E2-40FA-A690-1132F9BD5619}
		{25C30B7A-C35D-46E2-9535-1E37EAF2F674} = {6AF515EB-440D-4BDF-BBC8-0E7AB52E49ED}
		{EA9338B2-9BFC-45BF-8534-56820359D7A6} = {8726B23A-06E2-40FA-A690-1132F9BD5619}
		{23860597-4726-4B96-8F18-0BB645783E6A} = {6AF515EB-440D-4BDF-BBC8-0E7AB52E49ED}
		{D72817DC-2EAA-446E-96F1-0D249995DEEB} = {012BCBB6-75ED-45F3-AA10-EB0D35F8E887}
		{3B2E7EF1-4170-4E03-9F63-BCBFE455A17E} = {012BCBB6-75ED-45F3-AA10-EB0D35F8E887}
	EndGlobalSection
EndGlobal
